
Microsoft Visual Studio Solution File, Format Version 12.00
# Visual Studio 15
VisualStudioVersion = 15.0.28010.2003
MinimumVisualStudioVersion = 10.0.40219.1
Project("{F184B08F-C81C-45F6-A57F-5ABD9991F28F}") = "AnimalShooterUniverse", "AnimalShooterUniverse\AnimalShooterUniverse.vbproj", "{577B5297-7C20-4AA1-9173-BD4082BF158C}"
EndProject
Global
	GlobalSection(SolutionConfigurationPlatforms) = preSolution
		Debug|Any CPU = Debug|Any CPU
		Release|Any CPU = Release|Any CPU
	EndGlobalSection
	GlobalSection(ProjectConfigurationPlatforms) = postSolution
		{577B5297-7C20-4AA1-9173-BD4082BF158C}.Debug|Any CPU.ActiveCfg = Debug|Any CPU
		{577B5297-7C20-4AA1-9173-BD4082BF158C}.Debug|Any CPU.Build.0 = Debug|Any CPU
		{577B5297-7C20-4AA1-9173-BD4082BF158C}.Release|Any CPU.ActiveCfg = Release|Any CPU
		{577B5297-7C20-4AA1-9173-BD4082BF158C}.Release|Any CPU.Build.0 = Release|Any CPU
	EndGlobalSection
	GlobalSection(SolutionProperties) = preSolution
		HideSolutionNode = FALSE
	EndGlobalSection
	GlobalSection(ExtensibilityGlobals) = postSolution
		SolutionGuid = {8525748C-D1B9-4D2F-AE63-36B7045FD284}
	EndGlobalSection
EndGlobal
